
Microsoft Visual Studio Solution File, Format Version 12.00
# Visual Studio Version 16
VisualStudioVersion = 16.0.32228.343
MinimumVisualStudioVersion = 10.0.40219.1
Project("{FAE04EC0-301F-11D3-BF4B-00C04F79EFBC}") = "EncontrarMultiplos", "EncontrarMultiplos\EncontrarMultiplos.csproj", "{151C5CDC-D336-47AC-9B04-3783DE61E2CC}"
EndProject
Global
	GlobalSection(SolutionConfigurationPlatforms) = preSolution
		Debug|Any CPU = Debug|Any CPU
		Release|Any CPU = Release|Any CPU
	EndGlobalSection
	GlobalSection(ProjectConfigurationPlatforms) = postSolution
		{151C5CDC-D336-47AC-9B04-3783DE61E2CC}.Debug|Any CPU.ActiveCfg = Debug|Any CPU
		{151C5CDC-D336-47AC-9B04-3783DE61E2CC}.Debug|Any CPU.Build.0 = Debug|Any CPU
		{151C5CDC-D336-47AC-9B04-3783DE61E2CC}.Release|Any CPU.ActiveCfg = Release|Any CPU
		{151C5CDC-D336-47AC-9B04-3783DE61E2CC}.Release|Any CPU.Build.0 = Release|Any CPU
	EndGlobalSection
	GlobalSection(SolutionProperties) = preSolution
		HideSolutionNode = FALSE
	EndGlobalSection
	GlobalSection(ExtensibilityGlobals) = postSolution
		SolutionGuid = {00299B37-2E2E-4781-BBE6-74626813D6AD}
	EndGlobalSection
EndGlobal
