
Microsoft Visual Studio Solution File, Format Version 12.00
# Visual Studio Version 17
VisualStudioVersion = 17.2.32526.322
MinimumVisualStudioVersion = 10.0.40219.1
Project("{FAE04EC0-301F-11D3-BF4B-00C04F79EFBC}") = "serie de Fibonacci", "serie de Fibonacci\serie de Fibonacci.csproj", "{4C4BE889-FD7B-432F-BB52-D9A48F4BDE67}"
EndProject
Global
	GlobalSection(SolutionConfigurationPlatforms) = preSolution
		Debug|Any CPU = Debug|Any CPU
		Release|Any CPU = Release|Any CPU
	EndGlobalSection
	GlobalSection(ProjectConfigurationPlatforms) = postSolution
		{4C4BE889-FD7B-432F-BB52-D9A48F4BDE67}.Debug|Any CPU.ActiveCfg = Debug|Any CPU
		{4C4BE889-FD7B-432F-BB52-D9A48F4BDE67}.Debug|Any CPU.Build.0 = Debug|Any CPU
		{4C4BE889-FD7B-432F-BB52-D9A48F4BDE67}.Release|Any CPU.ActiveCfg = Release|Any CPU
		{4C4BE889-FD7B-432F-BB52-D9A48F4BDE67}.Release|Any CPU.Build.0 = Release|Any CPU
	EndGlobalSection
	GlobalSection(SolutionProperties) = preSolution
		HideSolutionNode = FALSE
	EndGlobalSection
	GlobalSection(ExtensibilityGlobals) = postSolution
		SolutionGuid = {AB37E502-137C-4469-A91B-206111C840F6}
	EndGlobalSection
EndGlobal
