
Microsoft Visual Studio Solution File, Format Version 12.00
# Visual Studio Version 16
VisualStudioVersion = 16.0.32228.343
MinimumVisualStudioVersion = 10.0.40219.1
Project("{FAE04EC0-301F-11D3-BF4B-00C04F79EFBC}") = "Prueba Evalart", "Prueba Evalart\Prueba Evalart.csproj", "{79F89FFF-279B-4436-BE2B-B68DFA1EC32D}"
EndProject
Global
	GlobalSection(SolutionConfigurationPlatforms) = preSolution
		Debug|Any CPU = Debug|Any CPU
		Release|Any CPU = Release|Any CPU
	EndGlobalSection
	GlobalSection(ProjectConfigurationPlatforms) = postSolution
		{79F89FFF-279B-4436-BE2B-B68DFA1EC32D}.Debug|Any CPU.ActiveCfg = Debug|Any CPU
		{79F89FFF-279B-4436-BE2B-B68DFA1EC32D}.Debug|Any CPU.Build.0 = Debug|Any CPU
		{79F89FFF-279B-4436-BE2B-B68DFA1EC32D}.Release|Any CPU.ActiveCfg = Release|Any CPU
		{79F89FFF-279B-4436-BE2B-B68DFA1EC32D}.Release|Any CPU.Build.0 = Release|Any CPU
	EndGlobalSection
	GlobalSection(SolutionProperties) = preSolution
		HideSolutionNode = FALSE
	EndGlobalSection
	GlobalSection(ExtensibilityGlobals) = postSolution
		SolutionGuid = {C74432E1-A70B-43E4-86B5-515CF7D4738F}
	EndGlobalSection
EndGlobal
