
Microsoft Visual Studio Solution File, Format Version 12.00
# Visual Studio Version 16
VisualStudioVersion = 16.0.30907.101
MinimumVisualStudioVersion = 10.0.40219.1
Project("{FAE04EC0-301F-11D3-BF4B-00C04F79EFBC}") = "Ejercicio2-Clase-Objeto", "Ejercicio2-Clase-Objeto\Ejercicio2-Clase-Objeto.csproj", "{B143DA6D-EFE7-43FE-A0D6-37C7635AF9C4}"
EndProject
Global
	GlobalSection(SolutionConfigurationPlatforms) = preSolution
		Debug|Any CPU = Debug|Any CPU
		Release|Any CPU = Release|Any CPU
	EndGlobalSection
	GlobalSection(ProjectConfigurationPlatforms) = postSolution
		{B143DA6D-EFE7-43FE-A0D6-37C7635AF9C4}.Debug|Any CPU.ActiveCfg = Debug|Any CPU
		{B143DA6D-EFE7-43FE-A0D6-37C7635AF9C4}.Debug|Any CPU.Build.0 = Debug|Any CPU
		{B143DA6D-EFE7-43FE-A0D6-37C7635AF9C4}.Release|Any CPU.ActiveCfg = Release|Any CPU
		{B143DA6D-EFE7-43FE-A0D6-37C7635AF9C4}.Release|Any CPU.Build.0 = Release|Any CPU
	EndGlobalSection
	GlobalSection(SolutionProperties) = preSolution
		HideSolutionNode = FALSE
	EndGlobalSection
	GlobalSection(ExtensibilityGlobals) = postSolution
		SolutionGuid = {2B04FF29-66D4-460A-B471-F4CC739C3C3A}
	EndGlobalSection
EndGlobal
